// !$*UTF8*$!
{
	archiveVersion = 1;
	classes = {
	};
	objectVersion = 77;
	objects = {

/* Begin PBXBuildFile section */
		9A51B7842E44253D003B3D6A /* FirebaseCore in Frameworks */ = {isa = PBXBuildFile; productRef = 9A51B7832E44253D003B3D6A /* FirebaseCore */; settings = {ATTRIBUTES = (Required, ); }; };
		9A51B7862E44253D003B3D6A /* FirebaseMessaging in Frameworks */ = {isa = PBXBuildFile; productRef = 9A51B7852E44253D003B3D6A /* FirebaseMessaging */; settings = {ATTRIBUTES = (Required, ); }; };
		9A57AB532E4425F90074F6F7 /* GoogleSignIn in Frameworks */ = {isa = PBXBuildFile; productRef = 9A7F97422E428F1D00868BF3 /* GoogleSignIn */; };
		9A57AB542E4425F90074F6F7 /* GoogleSignInSwift in Frameworks */ = {isa = PBXBuildFile; productRef = 9A7F97442E428F1D00868BF3 /* GoogleSignInSwift */; };
		9A57AB552E4425F90074F6F7 /* FirebaseAuth in Frameworks */ = {isa = PBXBuildFile; productRef = 9A51B7792E442296003B3D6A /* FirebaseAuth */; };
		9A57AB562E4425F90074F6F7 /* FirebaseFirestore in Frameworks */ = {isa = PBXBuildFile; productRef = 9A51B77A2E442296003B3D6A /* FirebaseFirestore */; };
		9A83DC192E5BCBD100867F5A /* FirebaseStorage in Frameworks */ = {isa = PBXBuildFile; productRef = 9A83DC182E5BCBD100867F5A /* FirebaseStorage */; };
/* End PBXBuildFile section */

/* Begin PBXContainerItemProxy section */
		9A3E0B0B2DF8F47200EFB26E /* PBXContainerItemProxy */ = {
			isa = PBXContainerItemProxy;
			containerPortal = 9A3E0AF52DF8F47100EFB26E /* Project object */;
			proxyType = 1;
			remoteGlobalIDString = 9A3E0AFC2DF8F47100EFB26E;
			remoteInfo = ChaiSpotFixed;
		};
		9A3E0B152DF8F47200EFB26E /* PBXContainerItemProxy */ = {
			isa = PBXContainerItemProxy;
			containerPortal = 9A3E0AF52DF8F47100EFB26E /* Project object */;
			proxyType = 1;
			remoteGlobalIDString = 9A3E0AFC2DF8F47100EFB26E;
			remoteInfo = ChaiSpotFixed;
		};
/* End PBXContainerItemProxy section */

/* Begin PBXFileReference section */
		9A3E0AFD2DF8F47100EFB26E /* .app */ = {isa = PBXFileReference; explicitFileType = wrapper.application; includeInIndex = 0; path = .app; sourceTree = BUILT_PRODUCTS_DIR; };
		9A3E0B0A2DF8F47200EFB26E /* ChaiSpotFixedTests.xctest */ = {isa = PBXFileReference; explicitFileType = wrapper.cfbundle; includeInIndex = 0; path = ChaiSpotFixedTests.xctest; sourceTree = BUILT_PRODUCTS_DIR; };
		9A3E0B142DF8F47200EFB26E /* ChaiSpotFixedUITests.xctest */ = {isa = PBXFileReference; explicitFileType = wrapper.cfbundle; includeInIndex = 0; path = ChaiSpotFixedUITests.xctest; sourceTree = BUILT_PRODUCTS_DIR; };
/* End PBXFileReference section */

/* Begin PBXFileSystemSynchronizedBuildFileExceptionSet section */
		9AABC9A72E28CFA70064813A /* Exceptions for "ChaiSpotFixed" folder in "ChaiSpotFixed" target */ = {
			isa = PBXFileSystemSynchronizedBuildFileExceptionSet;
			membershipExceptions = (
				Info.plist,
			);
			target = 9A3E0AFC2DF8F47100EFB26E /* ChaiSpotFixed */;
		};
/* End PBXFileSystemSynchronizedBuildFileExceptionSet section */

/* Begin PBXFileSystemSynchronizedRootGroup section */
		9A3E0AFF2DF8F47100EFB26E /* ChaiSpotFixed */ = {
			isa = PBXFileSystemSynchronizedRootGroup;
			exceptions = (
				9AABC9A72E28CFA70064813A /* Exceptions for "ChaiSpotFixed" folder in "ChaiSpotFixed" target */,
			);
			path = ChaiSpotFixed;
			sourceTree = "<group>";
		};
		9A3E0B0D2DF8F47200EFB26E /* ChaiSpotFixedTests */ = {
			isa = PBXFileSystemSynchronizedRootGroup;
			path = ChaiSpotFixedTests;
			sourceTree = "<group>";
		};
		9A3E0B172DF8F47200EFB26E /* ChaiSpotFixedUITests */ = {
			isa = PBXFileSystemSynchronizedRootGroup;
			path = ChaiSpotFixedUITests;
			sourceTree = "<group>";
		};
/* End PBXFileSystemSynchronizedRootGroup section */

/* Begin PBXFrameworksBuildPhase section */
		9A3E0B072DF8F47200EFB26E /* Frameworks */ = {
			isa = PBXFrameworksBuildPhase;
			buildActionMask = 2147483647;
			files = (
			);
			runOnlyForDeploymentPostprocessing = 0;
		};
		9A3E0B112DF8F47200EFB26E /* Frameworks */ = {
			isa = PBXFrameworksBuildPhase;
			buildActionMask = 2147483647;
			files = (
			);
			runOnlyForDeploymentPostprocessing = 0;
		};
		9A51B7822E442527003B3D6A /* Frameworks */ = {
			isa = PBXFrameworksBuildPhase;
			buildActionMask = 2147483647;
			files = (
				9A57AB562E4425F90074F6F7 /* FirebaseFirestore in Frameworks */,
				9A57AB552E4425F90074F6F7 /* FirebaseAuth in Frameworks */,
				9A57AB542E4425F90074F6F7 /* GoogleSignInSwift in Frameworks */,
				9A57AB532E4425F90074F6F7 /* GoogleSignIn in Frameworks */,
				9A83DC192E5BCBD100867F5A /* FirebaseStorage in Frameworks */,
				9A51B7842E44253D003B3D6A /* FirebaseCore in Frameworks */,
				9A51B7862E44253D003B3D6A /* FirebaseMessaging in Frameworks */,
			);
			runOnlyForDeploymentPostprocessing = 0;
		};
/* End PBXFrameworksBuildPhase section */

/* Begin PBXGroup section */
		9A3E0AF42DF8F47100EFB26E = {
			isa = PBXGroup;
			children = (
				9A3E0AFF2DF8F47100EFB26E /* ChaiSpotFixed */,
				9A3E0B0D2DF8F47200EFB26E /* ChaiSpotFixedTests */,
				9A3E0B172DF8F47200EFB26E /* ChaiSpotFixedUITests */,
				9A3E0AFE2DF8F47100EFB26E /* Products */,
				E649D2C3004CDA3D4E9D3A15 /* Pods */,
				9A9A83022E44220500C5200F /* Frameworks */,
			);
			sourceTree = "<group>";
		};
		9A3E0AFE2DF8F47100EFB26E /* Products */ = {
			isa = PBXGroup;
			children = (
				9A3E0AFD2DF8F47100EFB26E /* .app */,
				9A3E0B0A2DF8F47200EFB26E /* ChaiSpotFixedTests.xctest */,
				9A3E0B142DF8F47200EFB26E /* ChaiSpotFixedUITests.xctest */,
			);
			name = Products;
			sourceTree = "<group>";
		};
		9A9A83022E44220500C5200F /* Frameworks */ = {
			isa = PBXGroup;
			children = (
			);
			name = Frameworks;
			sourceTree = "<group>";
		};
		E649D2C3004CDA3D4E9D3A15 /* Pods */ = {
			isa = PBXGroup;
			children = (
			);
			path = Pods;
			sourceTree = "<group>";
		};
/* End PBXGroup section */

/* Begin PBXNativeTarget section */
		9A3E0AFC2DF8F47100EFB26E /* ChaiSpotFixed */ = {
			isa = PBXNativeTarget;
			buildConfigurationList = 9A3E0B1E2DF8F47200EFB26E /* Build configuration list for PBXNativeTarget "ChaiSpotFixed" */;
			buildPhases = (
				9A3E0AF92DF8F47100EFB26E /* Sources */,
				9A3E0AFB2DF8F47100EFB26E /* Resources */,
				9A51B7822E442527003B3D6A /* Frameworks */,
			);
			buildRules = (
			);
			dependencies = (
				9A51B7802E4423AB003B3D6A /* PBXTargetDependency */,
				9A51B77E2E442361003B3D6A /* PBXTargetDependency */,
				9A51B77C2E442356003B3D6A /* PBXTargetDependency */,
			);
			fileSystemSynchronizedGroups = (
				9A3E0AFF2DF8F47100EFB26E /* ChaiSpotFixed */,
			);
			name = ChaiSpotFixed;
			packageProductDependencies = (
				9A7F97422E428F1D00868BF3 /* GoogleSignIn */,
				9A7F97442E428F1D00868BF3 /* GoogleSignInSwift */,
				9A51B7792E442296003B3D6A /* FirebaseAuth */,
				9A51B77A2E442296003B3D6A /* FirebaseFirestore */,
				9A51B7832E44253D003B3D6A /* FirebaseCore */,
				9A51B7852E44253D003B3D6A /* FirebaseMessaging */,
				9A83DC182E5BCBD100867F5A /* FirebaseStorage */,
			);
			productName = ChaiSpotFixed;
			productReference = 9A3E0AFD2DF8F47100EFB26E /* .app */;
			productType = "com.apple.product-type.application";
		};
		9A3E0B092DF8F47200EFB26E /* ChaiSpotFixedTests */ = {
			isa = PBXNativeTarget;
			buildConfigurationList = 9A3E0B212DF8F47200EFB26E /* Build configuration list for PBXNativeTarget "ChaiSpotFixedTests" */;
			buildPhases = (
				9A3E0B062DF8F47200EFB26E /* Sources */,
				9A3E0B072DF8F47200EFB26E /* Frameworks */,
				9A3E0B082DF8F47200EFB26E /* Resources */,
			);
			buildRules = (
			);
			dependencies = (
				9A3E0B0C2DF8F47200EFB26E /* PBXTargetDependency */,
			);
			fileSystemSynchronizedGroups = (
				9A3E0B0D2DF8F47200EFB26E /* ChaiSpotFixedTests */,
			);
			name = ChaiSpotFixedTests;
			productName = ChaiSpotFixedTests;
			productReference = 9A3E0B0A2DF8F47200EFB26E /* ChaiSpotFixedTests.xctest */;
			productType = "com.apple.product-type.bundle.unit-test";
		};
		9A3E0B132DF8F47200EFB26E /* ChaiSpotFixedUITests */ = {
			isa = PBXNativeTarget;
			buildConfigurationList = 9A3E0B242DF8F47200EFB26E /* Build configuration list for PBXNativeTarget "ChaiSpotFixedUITests" */;
			buildPhases = (
				9A3E0B102DF8F47200EFB26E /* Sources */,
				9A3E0B112DF8F47200EFB26E /* Frameworks */,
				9A3E0B122DF8F47200EFB26E /* Resources */,
			);
			buildRules = (
			);
			dependencies = (
				9A3E0B162DF8F47200EFB26E /* PBXTargetDependency */,
			);
			fileSystemSynchronizedGroups = (
				9A3E0B172DF8F47200EFB26E /* ChaiSpotFixedUITests */,
			);
			name = ChaiSpotFixedUITests;
			productName = ChaiSpotFixedUITests;
			productReference = 9A3E0B142DF8F47200EFB26E /* ChaiSpotFixedUITests.xctest */;
			productType = "com.apple.product-type.bundle.ui-testing";
		};
/* End PBXNativeTarget section */

/* Begin PBXProject section */
		9A3E0AF52DF8F47100EFB26E /* Project object */ = {
			isa = PBXProject;
			attributes = {
				BuildIndependentTargetsInParallel = 1;
				LastSwiftUpdateCheck = 1640;
				LastUpgradeCheck = 1640;
				TargetAttributes = {
					9A3E0AFC2DF8F47100EFB26E = {
						CreatedOnToolsVersion = 16.4;
					};
					9A3E0B092DF8F47200EFB26E = {
						CreatedOnToolsVersion = 16.4;
						TestTargetID = 9A3E0AFC2DF8F47100EFB26E;
					};
					9A3E0B132DF8F47200EFB26E = {
						CreatedOnToolsVersion = 16.4;
						TestTargetID = 9A3E0AFC2DF8F47100EFB26E;
					};
				};
			};
			buildConfigurationList = 9A3E0AF82DF8F47100EFB26E /* Build configuration list for PBXProject "ChaiSpotFixed" */;
			developmentRegion = en;
			hasScannedForEncodings = 0;
			knownRegions = (
				en,
				Base,
			);
			mainGroup = 9A3E0AF42DF8F47100EFB26E;
			minimizedProjectReferenceProxies = 1;
			packageReferences = (
				9A7F97412E428F1D00868BF3 /* XCRemoteSwiftPackageReference "GoogleSignIn-iOS" */,
				9A51B7782E442296003B3D6A /* XCRemoteSwiftPackageReference "firebase-ios-sdk" */,
			);
			preferredProjectObjectVersion = 77;
			productRefGroup = 9A3E0AFE2DF8F47100EFB26E /* Products */;
			projectDirPath = "";
			projectRoot = "";
			targets = (
				9A3E0AFC2DF8F47100EFB26E /* ChaiSpotFixed */,
				9A3E0B092DF8F47200EFB26E /* ChaiSpotFixedTests */,
				9A3E0B132DF8F47200EFB26E /* ChaiSpotFixedUITests */,
			);
		};
/* End PBXProject section */

/* Begin PBXResourcesBuildPhase section */
		9A3E0AFB2DF8F47100EFB26E /* Resources */ = {
			isa = PBXResourcesBuildPhase;
			buildActionMask = 2147483647;
			files = (
			);
			runOnlyForDeploymentPostprocessing = 0;
		};
		9A3E0B082DF8F47200EFB26E /* Resources */ = {
			isa = PBXResourcesBuildPhase;
			buildActionMask = 2147483647;
			files = (
			);
			runOnlyForDeploymentPostprocessing = 0;
		};
		9A3E0B122DF8F47200EFB26E /* Resources */ = {
			isa = PBXResourcesBuildPhase;
			buildActionMask = 2147483647;
			files = (
			);
			runOnlyForDeploymentPostprocessing = 0;
		};
/* End PBXResourcesBuildPhase section */

/* Begin PBXSourcesBuildPhase section */
		9A3E0AF92DF8F47100EFB26E /* Sources */ = {
			isa = PBXSourcesBuildPhase;
			buildActionMask = 2147483647;
			files = (
			);
			runOnlyForDeploymentPostprocessing = 0;
		};
		9A3E0B062DF8F47200EFB26E /* Sources */ = {
			isa = PBXSourcesBuildPhase;
			buildActionMask = 2147483647;
			files = (
			);
			runOnlyForDeploymentPostprocessing = 0;
		};
		9A3E0B102DF8F47200EFB26E /* Sources */ = {
			isa = PBXSourcesBuildPhase;
			buildActionMask = 2147483647;
			files = (
			);
			runOnlyForDeploymentPostprocessing = 0;
		};
/* End PBXSourcesBuildPhase section */

/* Begin PBXTargetDependency section */
		9A3E0B0C2DF8F47200EFB26E /* PBXTargetDependency */ = {
			isa = PBXTargetDependency;
			target = 9A3E0AFC2DF8F47100EFB26E /* ChaiSpotFixed */;
			targetProxy = 9A3E0B0B2DF8F47200EFB26E /* PBXContainerItemProxy */;
		};
		9A3E0B162DF8F47200EFB26E /* PBXTargetDependency */ = {
			isa = PBXTargetDependency;
			target = 9A3E0AFC2DF8F47100EFB26E /* ChaiSpotFixed */;
			targetProxy = 9A3E0B152DF8F47200EFB26E /* PBXContainerItemProxy */;
		};
		9A51B77C2E442356003B3D6A /* PBXTargetDependency */ = {
			isa = PBXTargetDependency;
			productRef = 9A51B77B2E442356003B3D6A /* FirebaseAuth */;
		};
		9A51B77E2E442361003B3D6A /* PBXTargetDependency */ = {
			isa = PBXTargetDependency;
			productRef = 9A51B77D2E442361003B3D6A /* FirebaseFirestore */;
		};
		9A51B7802E4423AB003B3D6A /* PBXTargetDependency */ = {
			isa = PBXTargetDependency;
			productRef = 9A51B77F2E4423AB003B3D6A /* FirebaseCore */;
		};
/* End PBXTargetDependency section */

/* Begin XCBuildConfiguration section */
		9A3E0B1C2DF8F47200EFB26E /* Debug */ = {
			isa = XCBuildConfiguration;
			buildSettings = {
				ALWAYS_SEARCH_USER_PATHS = NO;
				ASSETCATALOG_COMPILER_GENERATE_SWIFT_ASSET_SYMBOL_EXTENSIONS = YES;
				CLANG_ANALYZER_NONNULL = YES;
				CLANG_ANALYZER_NUMBER_OBJECT_CONVERSION = YES_AGGRESSIVE;
				CLANG_CXX_LANGUAGE_STANDARD = "gnu++20";
				CLANG_ENABLE_MODULES = YES;
				CLANG_ENABLE_OBJC_ARC = YES;
				CLANG_ENABLE_OBJC_WEAK = YES;
				CLANG_WARN_BLOCK_CAPTURE_AUTORELEASING = YES;
				CLANG_WARN_BOOL_CONVERSION = YES;
				CLANG_WARN_COMMA = YES;
				CLANG_WARN_CONSTANT_CONVERSION = YES;
				CLANG_WARN_DEPRECATED_OBJC_IMPLEMENTATIONS = YES;
				CLANG_WARN_DIRECT_OBJC_ISA_USAGE = YES_ERROR;
				CLANG_WARN_DOCUMENTATION_COMMENTS = YES;
				CLANG_WARN_EMPTY_BODY = YES;
				CLANG_WARN_ENUM_CONVERSION = YES;
				CLANG_WARN_INFINITE_RECURSION = YES;
				CLANG_WARN_INT_CONVERSION = YES;
				CLANG_WARN_NON_LITERAL_NULL_CONVERSION = YES;
				CLANG_WARN_OBJC_IMPLICIT_RETAIN_SELF = YES;
				CLANG_WARN_OBJC_LITERAL_CONVERSION = YES;
				CLANG_WARN_OBJC_ROOT_CLASS = YES_ERROR;
				CLANG_WARN_QUOTED_INCLUDE_IN_FRAMEWORK_HEADER = YES;
				CLANG_WARN_RANGE_LOOP_ANALYSIS = YES;
				CLANG_WARN_STRICT_PROTOTYPES = YES;
				CLANG_WARN_SUSPICIOUS_MOVE = YES;
				CLANG_WARN_UNGUARDED_AVAILABILITY = YES_AGGRESSIVE;
				CLANG_WARN_UNREACHABLE_CODE = YES;
				CLANG_WARN__DUPLICATE_METHOD_MATCH = YES;
				COPY_PHASE_STRIP = NO;
				CURRENT_PROJECT_VERSION = 1;
				DEBUG_INFORMATION_FORMAT = dwarf;
				ENABLE_STRICT_OBJC_MSGSEND = YES;
				ENABLE_TESTABILITY = YES;
				ENABLE_USER_SCRIPT_SANDBOXING = YES;
				GCC_C_LANGUAGE_STANDARD = gnu17;
				GCC_DYNAMIC_NO_PIC = NO;
				GCC_NO_COMMON_BLOCKS = YES;
				GCC_OPTIMIZATION_LEVEL = 0;
				GCC_PREPROCESSOR_DEFINITIONS = (
					"DEBUG=1",
					"$(inherited)",
				);
				GCC_WARN_64_TO_32_BIT_CONVERSION = YES;
				GCC_WARN_ABOUT_RETURN_TYPE = YES_ERROR;
				GCC_WARN_UNDECLARED_SELECTOR = YES;
				GCC_WARN_UNINITIALIZED_AUTOS = YES_AGGRESSIVE;
				GCC_WARN_UNUSED_FUNCTION = YES;
				GCC_WARN_UNUSED_VARIABLE = YES;
				IPHONEOS_DEPLOYMENT_TARGET = 15.0;
				LOCALIZATION_PREFERS_STRING_CATALOGS = YES;
				MARKETING_VERSION = 2.0;
				MTL_ENABLE_DEBUG_INFO = INCLUDE_SOURCE;
				MTL_FAST_MATH = YES;
				ONLY_ACTIVE_ARCH = YES;
				SDKROOT = iphoneos;
				SWIFT_ACTIVE_COMPILATION_CONDITIONS = "DEBUG $(inherited)";
				SWIFT_OPTIMIZATION_LEVEL = "-Onone";
			};
			name = Debug;
		};
		9A3E0B1D2DF8F47200EFB26E /* Release */ = {
			isa = XCBuildConfiguration;
			buildSettings = {
				ALWAYS_SEARCH_USER_PATHS = NO;
				ASSETCATALOG_COMPILER_GENERATE_SWIFT_ASSET_SYMBOL_EXTENSIONS = YES;
				CLANG_ANALYZER_NONNULL = YES;
				CLANG_ANALYZER_NUMBER_OBJECT_CONVERSION = YES_AGGRESSIVE;
				CLANG_CXX_LANGUAGE_STANDARD = "gnu++20";
				CLANG_ENABLE_MODULES = YES;
				CLANG_ENABLE_OBJC_ARC = YES;
				CLANG_ENABLE_OBJC_WEAK = YES;
				CLANG_WARN_BLOCK_CAPTURE_AUTORELEASING = YES;
				CLANG_WARN_BOOL_CONVERSION = YES;
				CLANG_WARN_COMMA = YES;
				CLANG_WARN_CONSTANT_CONVERSION = YES;
				CLANG_WARN_DEPRECATED_OBJC_IMPLEMENTATIONS = YES;
				CLANG_WARN_DIRECT_OBJC_ISA_USAGE = YES_ERROR;
				CLANG_WARN_DOCUMENTATION_COMMENTS = YES;
				CLANG_WARN_EMPTY_BODY = YES;
				CLANG_WARN_ENUM_CONVERSION = YES;
				CLANG_WARN_INFINITE_RECURSION = YES;
				CLANG_WARN_INT_CONVERSION = YES;
				CLANG_WARN_NON_LITERAL_NULL_CONVERSION = YES;
				CLANG_WARN_OBJC_IMPLICIT_RETAIN_SELF = YES;
				CLANG_WARN_OBJC_LITERAL_CONVERSION = YES;
				CLANG_WARN_OBJC_ROOT_CLASS = YES_ERROR;
				CLANG_WARN_QUOTED_INCLUDE_IN_FRAMEWORK_HEADER = YES;
				CLANG_WARN_RANGE_LOOP_ANALYSIS = YES;
				CLANG_WARN_STRICT_PROTOTYPES = YES;
				CLANG_WARN_SUSPICIOUS_MOVE = YES;
				CLANG_WARN_UNGUARDED_AVAILABILITY = YES_AGGRESSIVE;
				CLANG_WARN_UNREACHABLE_CODE = YES;
				CLANG_WARN__DUPLICATE_METHOD_MATCH = YES;
				COPY_PHASE_STRIP = NO;
				CURRENT_PROJECT_VERSION = 1;
				DEBUG_INFORMATION_FORMAT = "dwarf-with-dsym";
				ENABLE_NS_ASSERTIONS = NO;
				ENABLE_STRICT_OBJC_MSGSEND = YES;
				ENABLE_USER_SCRIPT_SANDBOXING = YES;
				GCC_C_LANGUAGE_STANDARD = gnu17;
				GCC_NO_COMMON_BLOCKS = YES;
				GCC_WARN_64_TO_32_BIT_CONVERSION = YES;
				GCC_WARN_ABOUT_RETURN_TYPE = YES_ERROR;
				GCC_WARN_UNDECLARED_SELECTOR = YES;
				GCC_WARN_UNINITIALIZED_AUTOS = YES_AGGRESSIVE;
				GCC_WARN_UNUSED_FUNCTION = YES;
				GCC_WARN_UNUSED_VARIABLE = YES;
				IPHONEOS_DEPLOYMENT_TARGET = 15.0;
				LOCALIZATION_PREFERS_STRING_CATALOGS = YES;
				MARKETING_VERSION = 2.0;
				MTL_ENABLE_DEBUG_INFO = NO;
				MTL_FAST_MATH = YES;
				SDKROOT = iphoneos;
				SWIFT_COMPILATION_MODE = wholemodule;
				VALIDATE_PRODUCT = YES;
			};
			name = Release;
		};
		9A3E0B1F2DF8F47200EFB26E /* Debug */ = {
			isa = XCBuildConfiguration;
			buildSettings = {
				ASSETCATALOG_COMPILER_APPICON_NAME = AppIcon;
				ASSETCATALOG_COMPILER_GLOBAL_ACCENT_COLOR_NAME = AccentColor;
				CODE_SIGN_ENTITLEMENTS = ChaiSpotFixed/ChaiSpotFixed.entitlements;
				CODE_SIGN_STYLE = Automatic;
				CURRENT_PROJECT_VERSION = 1;
				DEVELOPMENT_TEAM = 5BCDB4G2ZG;
				ENABLE_PREVIEWS = YES;
				GENERATE_INFOPLIST_FILE = NO;
				INFOPLIST_FILE = ChaiSpotFixed/Info.plist;
				INFOPLIST_KEY_CFBundleDisplayName = "Chai Finder";
				INFOPLIST_KEY_CFBundleShortVersionString = "$(MARKETING_VERSION)";
				INFOPLIST_KEY_CFbundleVersion = "$(CURRENT_PROJECT_VERSION)";
				INFOPLIST_KEY_LSApplicationCategoryType = "public.app-category.food-and-drink";
				INFOPLIST_KEY_UIApplicationSceneManifest_Generation = YES;
				INFOPLIST_KEY_UIApplicationSupportsIndirectInputEvents = YES;
				INFOPLIST_KEY_UILaunchScreen_Generation = YES;
				INFOPLIST_KEY_UISupportedInterfaceOrientations_iPad = "UIInterfaceOrientationPortrait UIInterfaceOrientationPortraitUpsideDown UIInterfaceOrientationLandscapeLeft UIInterfaceOrientationLandscapeRight";
				INFOPLIST_KEY_UISupportedInterfaceOrientations_iPhone = "UIInterfaceOrientationPortrait UIInterfaceOrientationLandscapeLeft UIInterfaceOrientationLandscapeRight";
				IPHONEOS_DEPLOYMENT_TARGET = 16.6;
				LD_RUNPATH_SEARCH_PATHS = (
					"$(inherited)",
					"@executable_path/Frameworks",
				);
			};
			name = Debug;
		};
		9A3E0B202DF8F47200EFB26E /* Release */ = {
			isa = XCBuildConfiguration;
			buildSettings = {
				ASSETCATALOG_COMPILER_APPICON_NAME = AppIcon;
				ASSETCATALOG_COMPILER_GLOBAL_ACCENT_COLOR_NAME = AccentColor;
				CODE_SIGN_ENTITLEMENTS = ChaiSpotFixed/ChaiSpotFixed.entitlements;
				CODE_SIGN_STYLE = Automatic;
				CURRENT_PROJECT_VERSION = 1;
				DEVELOPMENT_TEAM = 5BCDB4G2ZG;
				ENABLE_PREVIEWS = YES;
				GENERATE_INFOPLIST_FILE = NO;
				INFOPLIST_FILE = ChaiSpotFixed/Info.plist;
				INFOPLIST_KEY_CFBundleDisplayName = "Chai Finder";
				INFOPLIST_KEY_CFBundleShortVersionString = "$(MARKETING_VERSION)";
				INFOPLIST_KEY_CFbundleVersion = "$(CURRENT_PROJECT_VERSION)";
				INFOPLIST_KEY_LSApplicationCategoryType = "public.app-category.food-and-drink";
				INFOPLIST_KEY_UIApplicationSceneManifest_Generation = YES;
				INFOPLIST_KEY_UIApplicationSupportsIndirectInputEvents = YES;
				INFOPLIST_KEY_UILaunchScreen_Generation = YES;
				INFOPLIST_KEY_UISupportedInterfaceOrientations_iPad = "UIInterfaceOrientationPortrait UIInterfaceOrientationPortraitUpsideDown UIInterfaceOrientationLandscapeLeft UIInterfaceOrientationLandscapeRight";
				INFOPLIST_KEY_UISupportedInterfaceOrientations_iPhone = "UIInterfaceOrientationPortrait UIInterfaceOrientationLandscapeLeft UIInterfaceOrientationLandscapeRight";
				IPHONEOS_DEPLOYMENT_TARGET = 16.6;
				LD_RUNPATH_SEARCH_PATHS = (
					"$(inherited)",
					"@executable_path/Frameworks",
				);
				MARKETING_VERSION = 2.0;
				PRODUCT_BUNDLE_IDENTIFIER = rfk.ChaiSpotFixed;
				PRODUCT_NAME = "$(TARGET_NAME)";
				SWIFT_EMIT_LOC_STRINGS = YES;
				SWIFT_VERSION = 5.0;
				TARGETED_DEVICE_FAMILY = "1,2";
			};
			name = Release;
		};
		9A3E0B222DF8F47200EFB26E /* Debug */ = {
			isa = XCBuildConfiguration;
			buildSettings = {
				BUNDLE_LOADER = "$(TEST_HOST)";
				CODE_SIGN_STYLE = Automatic;
				CURRENT_PROJECT_VERSION = 1;
				GENERATE_INFOPLIST_FILE = YES;
				IPHONEOS_DEPLOYMENT_TARGET = 15.0;
				MARKETING_VERSION = 2.0;
				PRODUCT_BUNDLE_IDENTIFIER = rfk.ChaiSpotFixedTests;
				PRODUCT_NAME = "$(TARGET_NAME)";
				SWIFT_EMIT_LOC_STRINGS = NO;
				SWIFT_VERSION = 5.0;
				TARGETED_DEVICE_FAMILY = "1,2";
				TEST_HOST = "$(BUILT_PRODUCTS_DIR)/ChaiSpotFixed.app/$(BUNDLE_EXECUTABLE_FOLDER_PATH)/ChaiSpotFixed";
			};
			name = Debug;
		};
		9A3E0B232DF8F47200EFB26E /* Release */ = {
			isa = XCBuildConfiguration;
			buildSettings = {
				BUNDLE_LOADER = "$(TEST_HOST)";
				CODE_SIGN_STYLE = Automatic;
				CURRENT_PROJECT_VERSION = 1;
				GENERATE_INFOPLIST_FILE = YES;
				IPHONEOS_DEPLOYMENT_TARGET = 15.0;
				MARKETING_VERSION = 2.0;
				PRODUCT_BUNDLE_IDENTIFIER = rfk.ChaiSpotFixedTests;
				PRODUCT_NAME = "$(TARGET_NAME)";
				SWIFT_EMIT_LOC_STRINGS = NO;
				SWIFT_VERSION = 5.0;
				TARGETED_DEVICE_FAMILY = "1,2";
				TEST_HOST = "$(BUILT_PRODUCTS_DIR)/ChaiSpotFixed.app/$(BUNDLE_EXECUTABLE_FOLDER_PATH)/ChaiSpotFixed";
			};
			name = Release;
		};
		9A3E0B252DF8F47200EFB26E /* Debug */ = {
			isa = XCBuildConfiguration;
			buildSettings = {
				CODE_SIGN_STYLE = Automatic;
				CURRENT_PROJECT_VERSION = 1;
				GENERATE_INFOPLIST_FILE = YES;
				MARKETING_VERSION = 2.0;
				PRODUCT_BUNDLE_IDENTIFIER = rfk.ChaiSpotFixedUITests;
				PRODUCT_NAME = "$(TARGET_NAME)";
				SWIFT_EMIT_LOC_STRINGS = NO;
				SWIFT_VERSION = 5.0;
				TARGETED_DEVICE_FAMILY = "1,2";
				TEST_TARGET_NAME = ChaiSpotFixed;
			};
			name = Debug;
		};
		9A3E0B262DF8F47200EFB26E /* Release */ = {
			isa = XCBuildConfiguration;
			buildSettings = {
				CODE_SIGN_STYLE = Automatic;
				CURRENT_PROJECT_VERSION = 1;
				GENERATE_INFOPLIST_FILE = YES;
				MARKETING_VERSION = 2.0;
				PRODUCT_BUNDLE_IDENTIFIER = rfk.ChaiSpotFixedUITests;
				PRODUCT_NAME = "$(TARGET_NAME)";
				SWIFT_EMIT_LOC_STRINGS = NO;
				SWIFT_VERSION = 5.0;
				TARGETED_DEVICE_FAMILY = "1,2";
				TEST_TARGET_NAME = ChaiSpotFixed;
			};
			name = Release;
		};
/* End XCBuildConfiguration section */

/* Begin XCConfigurationList section */
		9A3E0AF82DF8F47100EFB26E /* Build configuration list for PBXProject "ChaiSpotFixed" */ = {
			isa = XCConfigurationList;
			buildConfigurations = (
				9A3E0B1C2DF8F47200EFB26E /* Debug */,
				9A3E0B1D2DF8F47200EFB26E /* Release */,
			);
			defaultConfigurationIsVisible = 0;
			defaultConfigurationName = Release;
		};
		9A3E0B1E2DF8F47200EFB26E /* Build configuration list for PBXNativeTarget "ChaiSpotFixed" */ = {
			isa = XCConfigurationList;
			buildConfigurations = (
				9A3E0B1F2DF8F47200EFB26E /* Debug */,
				9A3E0B202DF8F47200EFB26E /* Release */,
			);
			defaultConfigurationIsVisible = 0;
			defaultConfigurationName = Release;
		};
		9A3E0B212DF8F47200EFB26E /* Build configuration list for PBXNativeTarget "ChaiSpotFixedTests" */ = {
			isa = XCConfigurationList;
			buildConfigurations = (
				9A3E0B222DF8F47200EFB26E /* Debug */,
				9A3E0B232DF8F47200EFB26E /* Release */,
			);
			defaultConfigurationIsVisible = 0;
			defaultConfigurationName = Release;
		};
		9A3E0B242DF8F47200EFB26E /* Build configuration list for PBXNativeTarget "ChaiSpotFixedUITests" */ = {
			isa = XCConfigurationList;
			buildConfigurations = (
				9A3E0B252DF8F47200EFB26E /* Debug */,
				9A3E0B262DF8F47200EFB26E /* Release */,
			);
			defaultConfigurationIsVisible = 0;
			defaultConfigurationName = Release;
		};
/* End XCConfigurationList section */

/* Begin XCRemoteSwiftPackageReference section */
		9A51B7782E442296003B3D6A /* XCRemoteSwiftPackageReference "firebase-ios-sdk" */ = {
			isa = XCRemoteSwiftPackageReference;
			repositoryURL = "https://github.com/firebase/firebase-ios-sdk";
			requirement = {
				kind = upToNextMajorVersion;
				minimumVersion = 12.1.0;
			};
		};
		9A7F97412E428F1D00868BF3 /* XCRemoteSwiftPackageReference "GoogleSignIn-iOS" */ = {
			isa = XCRemoteSwiftPackageReference;
			repositoryURL = "https://github.com/google/GoogleSignIn-iOS";
			requirement = {
				kind = upToNextMajorVersion;
				minimumVersion = 9.0.0;
			};
		};
/* End XCRemoteSwiftPackageReference section */

/* Begin XCSwiftPackageProductDependency section */
		9A51B7792E442296003B3D6A /* FirebaseAuth */ = {
			isa = XCSwiftPackageProductDependency;
			package = 9A51B7782E442296003B3D6A /* XCRemoteSwiftPackageReference "firebase-ios-sdk" */;
			productName = FirebaseAuth;
		};
		9A51B77A2E442296003B3D6A /* FirebaseFirestore */ = {
			isa = XCSwiftPackageProductDependency;
			package = 9A51B7782E442296003B3D6A /* XCRemoteSwiftPackageReference "firebase-ios-sdk" */;
			productName = FirebaseFirestore;
		};
		9A51B77B2E442356003B3D6A /* FirebaseAuth */ = {
			isa = XCSwiftPackageProductDependency;
			package = 9A51B7782E442296003B3D6A /* XCRemoteSwiftPackageReference "firebase-ios-sdk" */;
			productName = FirebaseAuth;
		};
		9A51B77D2E442361003B3D6A /* FirebaseFirestore */ = {
			isa = XCSwiftPackageProductDependency;
			package = 9A51B7782E442296003B3D6A /* XCRemoteSwiftPackageReference "firebase-ios-sdk" */;
			productName = FirebaseFirestore;
		};
		9A51B77F2E4423AB003B3D6A /* FirebaseCore */ = {
			isa = XCSwiftPackageProductDependency;
			package = 9A51B7782E442296003B3D6A /* XCRemoteSwiftPackageReference "firebase-ios-sdk" */;
			productName = FirebaseCore;
		};
		9A51B7832E44253D003B3D6A /* FirebaseCore */ = {
			isa = XCSwiftPackageProductDependency;
			package = 9A51B7782E442296003B3D6A /* XCRemoteSwiftPackageReference "firebase-ios-sdk" */;
			productName = FirebaseCore;
		};
		9A51B7852E44253D003B3D6A /* FirebaseMessaging */ = {
			isa = XCSwiftPackageProductDependency;
			package = 9A51B7782E442296003B3D6A /* XCRemoteSwiftPackageReference "firebase-ios-sdk" */;
			productName = FirebaseMessaging;
		};
		9A7F97422E428F1D00868BF3 /* GoogleSignIn */ = {
			isa = XCSwiftPackageProductDependency;
			package = 9A7F97412E428F1D00868BF3 /* XCRemoteSwiftPackageReference "GoogleSignIn-iOS" */;
			productName = GoogleSignIn;
		};
		9A7F97442E428F1D00868BF3 /* GoogleSignInSwift */ = {
			isa = XCSwiftPackageProductDependency;
			package = 9A7F97412E428F1D00868BF3 /* XCRemoteSwiftPackageReference "GoogleSignIn-iOS" */;
			productName = GoogleSignInSwift;
		};
		9A83DC182E5BCBD100867F5A /* FirebaseStorage */ = {
			isa = XCSwiftPackageProductDependency;
			package = 9A51B7782E442296003B3D6A /* XCRemoteSwiftPackageReference "firebase-ios-sdk" */;
			productName = FirebaseStorage;
		};
/* End XCSwiftPackageProductDependency section */
	};
	rootObject = 9A3E0AF52DF8F47100EFB26E /* Project object */;
}
